
Microsoft Visual Studio Solution File, Format Version 12.00
Project("{FAE04EC0-301F-11D3-BF4B-00C04F79EFBC}") = "NMAD262ExamSolution", "NMAD262ExamSolution\NMAD262ExamSolution.csproj", "{4F8EF0E3-754C-4909-B1D1-AF7E31973599}"
EndProject
Global
	GlobalSection(SolutionConfigurationPlatforms) = preSolution
		Debug|Any CPU = Debug|Any CPU
		Release|Any CPU = Release|Any CPU
	EndGlobalSection
	GlobalSection(ProjectConfigurationPlatforms) = postSolution
		{4F8EF0E3-754C-4909-B1D1-AF7E31973599}.Debug|Any CPU.ActiveCfg = Debug|Any CPU
		{4F8EF0E3-754C-4909-B1D1-AF7E31973599}.Debug|Any CPU.Build.0 = Debug|Any CPU
		{4F8EF0E3-754C-4909-B1D1-AF7E31973599}.Release|Any CPU.ActiveCfg = Release|Any CPU
		{4F8EF0E3-754C-4909-B1D1-AF7E31973599}.Release|Any CPU.Build.0 = Release|Any CPU
	EndGlobalSection
EndGlobal
